
Microsoft Visual Studio Solution File, Format Version 12.00
# Visual Studio 2012
Project("{FAE04EC0-301F-11D3-BF4B-00C04F79EFBC}") = "StringCalculatorKata_Round2", "StringCalculatorKata_Round2\StringCalculatorKata_Round2.csproj", "{2EB674D0-6484-4AF9-881A-17416FC2F6C2}"
EndProject
Project("{FAE04EC0-301F-11D3-BF4B-00C04F79EFBC}") = "StringCalculatorTests", "StringCalculatorTests\StringCalculatorTests.csproj", "{C1B19B8A-28A6-499B-90F9-308F3DBFD006}"
EndProject
Global
	GlobalSection(SolutionConfigurationPlatforms) = preSolution
		Debug|Any CPU = Debug|Any CPU
		Release|Any CPU = Release|Any CPU
	EndGlobalSection
	GlobalSection(ProjectConfigurationPlatforms) = postSolution
		{2EB674D0-6484-4AF9-881A-17416FC2F6C2}.Debug|Any CPU.ActiveCfg = Debug|Any CPU
		{2EB674D0-6484-4AF9-881A-17416FC2F6C2}.Debug|Any CPU.Build.0 = Debug|Any CPU
		{2EB674D0-6484-4AF9-881A-17416FC2F6C2}.Release|Any CPU.ActiveCfg = Release|Any CPU
		{2EB674D0-6484-4AF9-881A-17416FC2F6C2}.Release|Any CPU.Build.0 = Release|Any CPU
		{C1B19B8A-28A6-499B-90F9-308F3DBFD006}.Debug|Any CPU.ActiveCfg = Debug|Any CPU
		{C1B19B8A-28A6-499B-90F9-308F3DBFD006}.Debug|Any CPU.Build.0 = Debug|Any CPU
		{C1B19B8A-28A6-499B-90F9-308F3DBFD006}.Release|Any CPU.ActiveCfg = Release|Any CPU
		{C1B19B8A-28A6-499B-90F9-308F3DBFD006}.Release|Any CPU.Build.0 = Release|Any CPU
	EndGlobalSection
	GlobalSection(SolutionProperties) = preSolution
		HideSolutionNode = FALSE
	EndGlobalSection
EndGlobal
